// !$*UTF8*$!
{
	archiveVersion = 1;
	classes = {
	};
	objectVersion = 50;
	objects = {

/* Begin PBXBuildFile section */
		2F80E73E6056E8C799734EFC /* Pods_Flix_p1.framework in Frameworks */ = {isa = PBXBuildFile; fileRef = 25C9C7AB229A8993404F9E01 /* Pods_Flix_p1.framework */; };
		81DF7B002200B36300209BB8 /* AppDelegate.swift in Sources */ = {isa = PBXBuildFile; fileRef = 81DF7AFF2200B36300209BB8 /* AppDelegate.swift */; };
		81DF7B022200B36300209BB8 /* MoviesViewController.swift in Sources */ = {isa = PBXBuildFile; fileRef = 81DF7B012200B36300209BB8 /* MoviesViewController.swift */; };
		81DF7B052200B36300209BB8 /* Main.storyboard in Resources */ = {isa = PBXBuildFile; fileRef = 81DF7B032200B36300209BB8 /* Main.storyboard */; };
		81DF7B072200B36400209BB8 /* Assets.xcassets in Resources */ = {isa = PBXBuildFile; fileRef = 81DF7B062200B36400209BB8 /* Assets.xcassets */; };
		81DF7B0A2200B36400209BB8 /* LaunchScreen.storyboard in Resources */ = {isa = PBXBuildFile; fileRef = 81DF7B082200B36400209BB8 /* LaunchScreen.storyboard */; };
		81DF7B152200B36400209BB8 /* Flix_p1Tests.swift in Sources */ = {isa = PBXBuildFile; fileRef = 81DF7B142200B36400209BB8 /* Flix_p1Tests.swift */; };
		81DF7B202200B36400209BB8 /* Flix_p1UITests.swift in Sources */ = {isa = PBXBuildFile; fileRef = 81DF7B1F2200B36400209BB8 /* Flix_p1UITests.swift */; };
		81DF7B2E2200C4C300209BB8 /* MovieCell.swift in Sources */ = {isa = PBXBuildFile; fileRef = 81DF7B2D2200C4C300209BB8 /* MovieCell.swift */; };
/* End PBXBuildFile section */

/* Begin PBXContainerItemProxy section */
		81DF7B112200B36400209BB8 /* PBXContainerItemProxy */ = {
			isa = PBXContainerItemProxy;
			containerPortal = 81DF7AF42200B36300209BB8 /* Project object */;
			proxyType = 1;
			remoteGlobalIDString = 81DF7AFB2200B36300209BB8;
			remoteInfo = "Flix-p1";
		};
		81DF7B1C2200B36400209BB8 /* PBXContainerItemProxy */ = {
			isa = PBXContainerItemProxy;
			containerPortal = 81DF7AF42200B36300209BB8 /* Project object */;
			proxyType = 1;
			remoteGlobalIDString = 81DF7AFB2200B36300209BB8;
			remoteInfo = "Flix-p1";
		};
/* End PBXContainerItemProxy section */

/* Begin PBXFileReference section */
		053362BE2AFC7502F3355949 /* Pods_Flix_p1Tests.framework */ = {isa = PBXFileReference; explicitFileType = wrapper.framework; includeInIndex = 0; path = Pods_Flix_p1Tests.framework; sourceTree = BUILT_PRODUCTS_DIR; };
		25C9C7AB229A8993404F9E01 /* Pods_Flix_p1.framework */ = {isa = PBXFileReference; explicitFileType = wrapper.framework; includeInIndex = 0; path = Pods_Flix_p1.framework; sourceTree = BUILT_PRODUCTS_DIR; };
		4DE7197E4C9774A2FD6A49D2 /* Pods-Flix-p1.debug.xcconfig */ = {isa = PBXFileReference; includeInIndex = 1; lastKnownFileType = text.xcconfig; name = "Pods-Flix-p1.debug.xcconfig"; path = "Pods/Target Support Files/Pods-Flix-p1/Pods-Flix-p1.debug.xcconfig"; sourceTree = "<group>"; };
		81DF7AFC2200B36300209BB8 /* Flix-p1.app */ = {isa = PBXFileReference; explicitFileType = wrapper.application; includeInIndex = 0; path = "Flix-p1.app"; sourceTree = BUILT_PRODUCTS_DIR; };
		81DF7AFF2200B36300209BB8 /* AppDelegate.swift */ = {isa = PBXFileReference; lastKnownFileType = sourcecode.swift; path = AppDelegate.swift; sourceTree = "<group>"; };
		81DF7B012200B36300209BB8 /* MoviesViewController.swift */ = {isa = PBXFileReference; lastKnownFileType = sourcecode.swift; path = MoviesViewController.swift; sourceTree = "<group>"; };
		81DF7B042200B36300209BB8 /* Base */ = {isa = PBXFileReference; lastKnownFileType = file.storyboard; name = Base; path = Base.lproj/Main.storyboard; sourceTree = "<group>"; };
		81DF7B062200B36400209BB8 /* Assets.xcassets */ = {isa = PBXFileReference; lastKnownFileType = folder.assetcatalog; path = Assets.xcassets; sourceTree = "<group>"; };
		81DF7B092200B36400209BB8 /* Base */ = {isa = PBXFileReference; lastKnownFileType = file.storyboard; name = Base; path = Base.lproj/LaunchScreen.storyboard; sourceTree = "<group>"; };
		81DF7B0B2200B36400209BB8 /* Info.plist */ = {isa = PBXFileReference; lastKnownFileType = text.plist.xml; path = Info.plist; sourceTree = "<group>"; };
		81DF7B102200B36400209BB8 /* Flix-p1Tests.xctest */ = {isa = PBXFileReference; explicitFileType = wrapper.cfbundle; includeInIndex = 0; path = "Flix-p1Tests.xctest"; sourceTree = BUILT_PRODUCTS_DIR; };
		81DF7B142200B36400209BB8 /* Flix_p1Tests.swift */ = {isa = PBXFileReference; lastKnownFileType = sourcecode.swift; path = Flix_p1Tests.swift; sourceTree = "<group>"; };
		81DF7B162200B36400209BB8 /* Info.plist */ = {isa = PBXFileReference; lastKnownFileType = text.plist.xml; path = Info.plist; sourceTree = "<group>"; };
		81DF7B1B2200B36400209BB8 /* Flix-p1UITests.xctest */ = {isa = PBXFileReference; explicitFileType = wrapper.cfbundle; includeInIndex = 0; path = "Flix-p1UITests.xctest"; sourceTree = BUILT_PRODUCTS_DIR; };
		81DF7B1F2200B36400209BB8 /* Flix_p1UITests.swift */ = {isa = PBXFileReference; lastKnownFileType = sourcecode.swift; path = Flix_p1UITests.swift; sourceTree = "<group>"; };
		81DF7B212200B36400209BB8 /* Info.plist */ = {isa = PBXFileReference; lastKnownFileType = text.plist.xml; path = Info.plist; sourceTree = "<group>"; };
		81DF7B2D2200C4C300209BB8 /* MovieCell.swift */ = {isa = PBXFileReference; lastKnownFileType = sourcecode.swift; path = MovieCell.swift; sourceTree = "<group>"; };
		9CE17DFD048A7CA31A55893A /* Pods-Flix-p1.release.xcconfig */ = {isa = PBXFileReference; includeInIndex = 1; lastKnownFileType = text.xcconfig; name = "Pods-Flix-p1.release.xcconfig"; path = "Pods/Target Support Files/Pods-Flix-p1/Pods-Flix-p1.release.xcconfig"; sourceTree = "<group>"; };
		E127A44875D2C14F91A9924C /* Pods_Flix_p1UITests.framework */ = {isa = PBXFileReference; explicitFileType = wrapper.framework; includeInIndex = 0; path = Pods_Flix_p1UITests.framework; sourceTree = BUILT_PRODUCTS_DIR; };
/* End PBXFileReference section */

/* Begin PBXFrameworksBuildPhase section */
		81DF7AF92200B36300209BB8 /* Frameworks */ = {
			isa = PBXFrameworksBuildPhase;
			buildActionMask = 2147483647;
			files = (
				2F80E73E6056E8C799734EFC /* Pods_Flix_p1.framework in Frameworks */,
			);
			runOnlyForDeploymentPostprocessing = 0;
		};
		81DF7B0D2200B36400209BB8 /* Frameworks */ = {
			isa = PBXFrameworksBuildPhase;
			buildActionMask = 2147483647;
			files = (
			);
			runOnlyForDeploymentPostprocessing = 0;
		};
		81DF7B182200B36400209BB8 /* Frameworks */ = {
			isa = PBXFrameworksBuildPhase;
			buildActionMask = 2147483647;
			files = (
			);
			runOnlyForDeploymentPostprocessing = 0;
		};
/* End PBXFrameworksBuildPhase section */

/* Begin PBXGroup section */
		286A410D4C1A8B3DA24D5875 /* Frameworks */ = {
			isa = PBXGroup;
			children = (
				053362BE2AFC7502F3355949 /* Pods_Flix_p1Tests.framework */,
				E127A44875D2C14F91A9924C /* Pods_Flix_p1UITests.framework */,
				25C9C7AB229A8993404F9E01 /* Pods_Flix_p1.framework */,
			);
			name = Frameworks;
			sourceTree = "<group>";
		};
		2BACB5F102F06A3ABF68F362 /* Pods */ = {
			isa = PBXGroup;
			children = (
				4DE7197E4C9774A2FD6A49D2 /* Pods-Flix-p1.debug.xcconfig */,
				9CE17DFD048A7CA31A55893A /* Pods-Flix-p1.release.xcconfig */,
			);
			name = Pods;
			sourceTree = "<group>";
		};
		81DF7AF32200B36300209BB8 = {
			isa = PBXGroup;
			children = (
				81DF7B2D2200C4C300209BB8 /* MovieCell.swift */,
				81DF7AFE2200B36300209BB8 /* Flix-p1 */,
				81DF7B132200B36400209BB8 /* Flix-p1Tests */,
				81DF7B1E2200B36400209BB8 /* Flix-p1UITests */,
				81DF7AFD2200B36300209BB8 /* Products */,
				2BACB5F102F06A3ABF68F362 /* Pods */,
				286A410D4C1A8B3DA24D5875 /* Frameworks */,
			);
			sourceTree = "<group>";
		};
		81DF7AFD2200B36300209BB8 /* Products */ = {
			isa = PBXGroup;
			children = (
				81DF7AFC2200B36300209BB8 /* Flix-p1.app */,
				81DF7B102200B36400209BB8 /* Flix-p1Tests.xctest */,
				81DF7B1B2200B36400209BB8 /* Flix-p1UITests.xctest */,
			);
			name = Products;
			sourceTree = "<group>";
		};
		81DF7AFE2200B36300209BB8 /* Flix-p1 */ = {
			isa = PBXGroup;
			children = (
				81DF7AFF2200B36300209BB8 /* AppDelegate.swift */,
				81DF7B012200B36300209BB8 /* MoviesViewController.swift */,
				81DF7B032200B36300209BB8 /* Main.storyboard */,
				81DF7B062200B36400209BB8 /* Assets.xcassets */,
				81DF7B082200B36400209BB8 /* LaunchScreen.storyboard */,
				81DF7B0B2200B36400209BB8 /* Info.plist */,
			);
			path = "Flix-p1";
			sourceTree = "<group>";
		};
		81DF7B132200B36400209BB8 /* Flix-p1Tests */ = {
			isa = PBXGroup;
			children = (
				81DF7B142200B36400209BB8 /* Flix_p1Tests.swift */,
				81DF7B162200B36400209BB8 /* Info.plist */,
			);
			path = "Flix-p1Tests";
			sourceTree = "<group>";
		};
		81DF7B1E2200B36400209BB8 /* Flix-p1UITests */ = {
			isa = PBXGroup;
			children = (
				81DF7B1F2200B36400209BB8 /* Flix_p1UITests.swift */,
				81DF7B212200B36400209BB8 /* Info.plist */,
			);
			path = "Flix-p1UITests";
			sourceTree = "<group>";
		};
/* End PBXGroup section */

/* Begin PBXNativeTarget section */
		81DF7AFB2200B36300209BB8 /* Flix-p1 */ = {
			isa = PBXNativeTarget;
			buildConfigurationList = 81DF7B242200B36400209BB8 /* Build configuration list for PBXNativeTarget "Flix-p1" */;
			buildPhases = (
				A7437556A9F051F3636D6EAD /* [CP] Check Pods Manifest.lock */,
				81DF7AF82200B36300209BB8 /* Sources */,
				81DF7AF92200B36300209BB8 /* Frameworks */,
				81DF7AFA2200B36300209BB8 /* Resources */,
				8FC7F97722CADD5C67F16ECD /* [CP] Embed Pods Frameworks */,
			);
			buildRules = (
			);
			dependencies = (
			);
			name = "Flix-p1";
			productName = "Flix-p1";
			productReference = 81DF7AFC2200B36300209BB8 /* Flix-p1.app */;
			productType = "com.apple.product-type.application";
		};
		81DF7B0F2200B36400209BB8 /* Flix-p1Tests */ = {
			isa = PBXNativeTarget;
			buildConfigurationList = 81DF7B272200B36400209BB8 /* Build configuration list for PBXNativeTarget "Flix-p1Tests" */;
			buildPhases = (
				81DF7B0C2200B36400209BB8 /* Sources */,
				81DF7B0D2200B36400209BB8 /* Frameworks */,
				81DF7B0E2200B36400209BB8 /* Resources */,
			);
			buildRules = (
			);
			dependencies = (
				81DF7B122200B36400209BB8 /* PBXTargetDependency */,
			);
			name = "Flix-p1Tests";
			productName = "Flix-p1Tests";
			productReference = 81DF7B102200B36400209BB8 /* Flix-p1Tests.xctest */;
			productType = "com.apple.product-type.bundle.unit-test";
		};
		81DF7B1A2200B36400209BB8 /* Flix-p1UITests */ = {
			isa = PBXNativeTarget;
			buildConfigurationList = 81DF7B2A2200B36400209BB8 /* Build configuration list for PBXNativeTarget "Flix-p1UITests" */;
			buildPhases = (
				81DF7B172200B36400209BB8 /* Sources */,
				81DF7B182200B36400209BB8 /* Frameworks */,
				81DF7B192200B36400209BB8 /* Resources */,
			);
			buildRules = (
			);
			dependencies = (
				81DF7B1D2200B36400209BB8 /* PBXTargetDependency */,
			);
			name = "Flix-p1UITests";
			productName = "Flix-p1UITests";
			productReference = 81DF7B1B2200B36400209BB8 /* Flix-p1UITests.xctest */;
			productType = "com.apple.product-type.bundle.ui-testing";
		};
/* End PBXNativeTarget section */

/* Begin PBXProject section */
		81DF7AF42200B36300209BB8 /* Project object */ = {
			isa = PBXProject;
			attributes = {
				LastSwiftUpdateCheck = 1010;
				LastUpgradeCheck = 1010;
				ORGANIZATIONNAME = Myron;
				TargetAttributes = {
					81DF7AFB2200B36300209BB8 = {
						CreatedOnToolsVersion = 10.1;
					};
					81DF7B0F2200B36400209BB8 = {
						CreatedOnToolsVersion = 10.1;
						TestTargetID = 81DF7AFB2200B36300209BB8;
					};
					81DF7B1A2200B36400209BB8 = {
						CreatedOnToolsVersion = 10.1;
						TestTargetID = 81DF7AFB2200B36300209BB8;
					};
				};
			};
			buildConfigurationList = 81DF7AF72200B36300209BB8 /* Build configuration list for PBXProject "Flix-p1" */;
			compatibilityVersion = "Xcode 9.3";
			developmentRegion = en;
			hasScannedForEncodings = 0;
			knownRegions = (
				en,
				Base,
			);
			mainGroup = 81DF7AF32200B36300209BB8;
			productRefGroup = 81DF7AFD2200B36300209BB8 /* Products */;
			projectDirPath = "";
			projectRoot = "";
			targets = (
				81DF7AFB2200B36300209BB8 /* Flix-p1 */,
				81DF7B0F2200B36400209BB8 /* Flix-p1Tests */,
				81DF7B1A2200B36400209BB8 /* Flix-p1UITests */,
			);
		};
/* End PBXProject section */

/* Begin PBXResourcesBuildPhase section */
		81DF7AFA2200B36300209BB8 /* Resources */ = {
			isa = PBXResourcesBuildPhase;
			buildActionMask = 2147483647;
			files = (
				81DF7B0A2200B36400209BB8 /* LaunchScreen.storyboard in Resources */,
				81DF7B072200B36400209BB8 /* Assets.xcassets in Resources */,
				81DF7B052200B36300209BB8 /* Main.storyboard in Resources */,
			);
			runOnlyForDeploymentPostprocessing = 0;
		};
		81DF7B0E2200B36400209BB8 /* Resources */ = {
			isa = PBXResourcesBuildPhase;
			buildActionMask = 2147483647;
			files = (
			);
			runOnlyForDeploymentPostprocessing = 0;
		};
		81DF7B192200B36400209BB8 /* Resources */ = {
			isa = PBXResourcesBuildPhase;
			buildActionMask = 2147483647;
			files = (
			);
			runOnlyForDeploymentPostprocessing = 0;
		};
/* End PBXResourcesBuildPhase section */

/* Begin PBXShellScriptBuildPhase section */
		8FC7F97722CADD5C67F16ECD /* [CP] Embed Pods Frameworks */ = {
			isa = PBXShellScriptBuildPhase;
			buildActionMask = 2147483647;
			files = (
			);
			inputFileListPaths = (
			);
			inputPaths = (
				"${PODS_ROOT}/Target Support Files/Pods-Flix-p1/Pods-Flix-p1-frameworks.sh",
				"${BUILT_PRODUCTS_DIR}/Alamofire/Alamofire.framework",
				"${BUILT_PRODUCTS_DIR}/AlamofireImage/AlamofireImage.framework",
				"${BUILT_PRODUCTS_DIR}/OAuthSwift/OAuthSwift.framework",
				"${BUILT_PRODUCTS_DIR}/OAuthSwiftAlamofire/OAuthSwiftAlamofire.framework",
			);
			name = "[CP] Embed Pods Frameworks";
			outputFileListPaths = (
			);
			outputPaths = (
				"${TARGET_BUILD_DIR}/${FRAMEWORKS_FOLDER_PATH}/Alamofire.framework",
				"${TARGET_BUILD_DIR}/${FRAMEWORKS_FOLDER_PATH}/AlamofireImage.framework",
				"${TARGET_BUILD_DIR}/${FRAMEWORKS_FOLDER_PATH}/OAuthSwift.framework",
				"${TARGET_BUILD_DIR}/${FRAMEWORKS_FOLDER_PATH}/OAuthSwiftAlamofire.framework",
			);
			runOnlyForDeploymentPostprocessing = 0;
			shellPath = /bin/sh;
			shellScript = "\"${PODS_ROOT}/Target Support Files/Pods-Flix-p1/Pods-Flix-p1-frameworks.sh\"\n";
			showEnvVarsInLog = 0;
		};
		A7437556A9F051F3636D6EAD /* [CP] Check Pods Manifest.lock */ = {
			isa = PBXShellScriptBuildPhase;
			buildActionMask = 2147483647;
			files = (
			);
			inputFileListPaths = (
			);
			inputPaths = (
				"${PODS_PODFILE_DIR_PATH}/Podfile.lock",
				"${PODS_ROOT}/Manifest.lock",
			);
			name = "[CP] Check Pods Manifest.lock";
			outputFileListPaths = (
			);
			outputPaths = (
				"$(DERIVED_FILE_DIR)/Pods-Flix-p1-checkManifestLockResult.txt",
			);
			runOnlyForDeploymentPostprocessing = 0;
			shellPath = /bin/sh;
			shellScript = "diff \"${PODS_PODFILE_DIR_PATH}/Podfile.lock\" \"${PODS_ROOT}/Manifest.lock\" > /dev/null\nif [ $? != 0 ] ; then\n    # print error to STDERR\n    echo \"error: The sandbox is not in sync with the Podfile.lock. Run 'pod install' or update your CocoaPods installation.\" >&2\n    exit 1\nfi\n# This output is used by Xcode 'outputs' to avoid re-running this script phase.\necho \"SUCCESS\" > \"${SCRIPT_OUTPUT_FILE_0}\"\n";
			showEnvVarsInLog = 0;
		};
/* End PBXShellScriptBuildPhase section */

/* Begin PBXSourcesBuildPhase section */
		81DF7AF82200B36300209BB8 /* Sources */ = {
			isa = PBXSourcesBuildPhase;
			buildActionMask = 2147483647;
			files = (
				81DF7B022200B36300209BB8 /* MoviesViewController.swift in Sources */,
				81DF7B002200B36300209BB8 /* AppDelegate.swift in Sources */,
				81DF7B2E2200C4C300209BB8 /* MovieCell.swift in Sources */,
			);
			runOnlyForDeploymentPostprocessing = 0;
		};
		81DF7B0C2200B36400209BB8 /* Sources */ = {
			isa = PBXSourcesBuildPhase;
			buildActionMask = 2147483647;
			files = (
				81DF7B152200B36400209BB8 /* Flix_p1Tests.swift in Sources */,
			);
			runOnlyForDeploymentPostprocessing = 0;
		};
		81DF7B172200B36400209BB8 /* Sources */ = {
			isa = PBXSourcesBuildPhase;
			buildActionMask = 2147483647;
			files = (
				81DF7B202200B36400209BB8 /* Flix_p1UITests.swift in Sources */,
			);
			runOnlyForDeploymentPostprocessing = 0;
		};
/* End PBXSourcesBuildPhase section */

/* Begin PBXTargetDependency section */
		81DF7B122200B36400209BB8 /* PBXTargetDependency */ = {
			isa = PBXTargetDependency;
			target = 81DF7AFB2200B36300209BB8 /* Flix-p1 */;
			targetProxy = 81DF7B112200B36400209BB8 /* PBXContainerItemProxy */;
		};
		81DF7B1D2200B36400209BB8 /* PBXTargetDependency */ = {
			isa = PBXTargetDependency;
			target = 81DF7AFB2200B36300209BB8 /* Flix-p1 */;
			targetProxy = 81DF7B1C2200B36400209BB8 /* PBXContainerItemProxy */;
		};
/* End PBXTargetDependency section */

/* Begin PBXVariantGroup section */
		81DF7B032200B36300209BB8 /* Main.storyboard */ = {
			isa = PBXVariantGroup;
			children = (
				81DF7B042200B36300209BB8 /* Base */,
			);
			name = Main.storyboard;
			sourceTree = "<group>";
		};
		81DF7B082200B36400209BB8 /* LaunchScreen.storyboard */ = {
			isa = PBXVariantGroup;
			children = (
				81DF7B092200B36400209BB8 /* Base */,
			);
			name = LaunchScreen.storyboard;
			sourceTree = "<group>";
		};
/* End PBXVariantGroup section */

/* Begin XCBuildConfiguration section */
		81DF7B222200B36400209BB8 /* Debug */ = {
			isa = XCBuildConfiguration;
			buildSettings = {
				ALWAYS_SEARCH_USER_PATHS = NO;
				CLANG_ANALYZER_NONNULL = YES;
				CLANG_ANALYZER_NUMBER_OBJECT_CONVERSION = YES_AGGRESSIVE;
				CLANG_CXX_LANGUAGE_STANDARD = "gnu++14";
				CLANG_CXX_LIBRARY = "libc++";
				CLANG_ENABLE_MODULES = YES;
				CLANG_ENABLE_OBJC_ARC = YES;
				CLANG_ENABLE_OBJC_WEAK = YES;
				CLANG_WARN_BLOCK_CAPTURE_AUTORELEASING = YES;
				CLANG_WARN_BOOL_CONVERSION = YES;
				CLANG_WARN_COMMA = YES;
				CLANG_WARN_CONSTANT_CONVERSION = YES;
				CLANG_WARN_DEPRECATED_OBJC_IMPLEMENTATIONS = YES;
				CLANG_WARN_DIRECT_OBJC_ISA_USAGE = YES_ERROR;
				CLANG_WARN_DOCUMENTATION_COMMENTS = YES;
				CLANG_WARN_EMPTY_BODY = YES;
				CLANG_WARN_ENUM_CONVERSION = YES;
				CLANG_WARN_INFINITE_RECURSION = YES;
				CLANG_WARN_INT_CONVERSION = YES;
				CLANG_WARN_NON_LITERAL_NULL_CONVERSION = YES;
				CLANG_WARN_OBJC_IMPLICIT_RETAIN_SELF = YES;
				CLANG_WARN_OBJC_LITERAL_CONVERSION = YES;
				CLANG_WARN_OBJC_ROOT_CLASS = YES_ERROR;
				CLANG_WARN_RANGE_LOOP_ANALYSIS = YES;
				CLANG_WARN_STRICT_PROTOTYPES = YES;
				CLANG_WARN_SUSPICIOUS_MOVE = YES;
				CLANG_WARN_UNGUARDED_AVAILABILITY = YES_AGGRESSIVE;
				CLANG_WARN_UNREACHABLE_CODE = YES;
				CLANG_WARN__DUPLICATE_METHOD_MATCH = YES;
				CODE_SIGN_IDENTITY = "iPhone Developer";
				COPY_PHASE_STRIP = NO;
				DEBUG_INFORMATION_FORMAT = dwarf;
				ENABLE_STRICT_OBJC_MSGSEND = YES;
				ENABLE_TESTABILITY = YES;
				GCC_C_LANGUAGE_STANDARD = gnu11;
				GCC_DYNAMIC_NO_PIC = NO;
				GCC_NO_COMMON_BLOCKS = YES;
				GCC_OPTIMIZATION_LEVEL = 0;
				GCC_PREPROCESSOR_DEFINITIONS = (
					"DEBUG=1",
					"$(inherited)",
				);
				GCC_WARN_64_TO_32_BIT_CONVERSION = YES;
				GCC_WARN_ABOUT_RETURN_TYPE = YES_ERROR;
				GCC_WARN_UNDECLARED_SELECTOR = YES;
				GCC_WARN_UNINITIALIZED_AUTOS = YES_AGGRESSIVE;
				GCC_WARN_UNUSED_FUNCTION = YES;
				GCC_WARN_UNUSED_VARIABLE = YES;
				IPHONEOS_DEPLOYMENT_TARGET = 12.1;
				MTL_ENABLE_DEBUG_INFO = INCLUDE_SOURCE;
				MTL_FAST_MATH = YES;
				ONLY_ACTIVE_ARCH = YES;
				SDKROOT = iphoneos;
				SWIFT_ACTIVE_COMPILATION_CONDITIONS = DEBUG;
				SWIFT_OPTIMIZATION_LEVEL = "-Onone";
			};
			name = Debug;
		};
		81DF7B232200B36400209BB8 /* Release */ = {
			isa = XCBuildConfiguration;
			buildSettings = {
				ALWAYS_SEARCH_USER_PATHS = NO;
				CLANG_ANALYZER_NONNULL = YES;
				CLANG_ANALYZER_NUMBER_OBJECT_CONVERSION = YES_AGGRESSIVE;
				CLANG_CXX_LANGUAGE_STANDARD = "gnu++14";
				CLANG_CXX_LIBRARY = "libc++";
				CLANG_ENABLE_MODULES = YES;
				CLANG_ENABLE_OBJC_ARC = YES;
				CLANG_ENABLE_OBJC_WEAK = YES;
				CLANG_WARN_BLOCK_CAPTURE_AUTORELEASING = YES;
				CLANG_WARN_BOOL_CONVERSION = YES;
				CLANG_WARN_COMMA = YES;
				CLANG_WARN_CONSTANT_CONVERSION = YES;
				CLANG_WARN_DEPRECATED_OBJC_IMPLEMENTATIONS = YES;
				CLANG_WARN_DIRECT_OBJC_ISA_USAGE = YES_ERROR;
				CLANG_WARN_DOCUMENTATION_COMMENTS = YES;
				CLANG_WARN_EMPTY_BODY = YES;
				CLANG_WARN_ENUM_CONVERSION = YES;
				CLANG_WARN_INFINITE_RECURSION = YES;
				CLANG_WARN_INT_CONVERSION = YES;
				CLANG_WARN_NON_LITERAL_NULL_CONVERSION = YES;
				CLANG_WARN_OBJC_IMPLICIT_RETAIN_SELF = YES;
				CLANG_WARN_OBJC_LITERAL_CONVERSION = YES;
				CLANG_WARN_OBJC_ROOT_CLASS = YES_ERROR;
				CLANG_WARN_RANGE_LOOP_ANALYSIS = YES;
				CLANG_WARN_STRICT_PROTOTYPES = YES;
				CLANG_WARN_SUSPICIOUS_MOVE = YES;
				CLANG_WARN_UNGUARDED_AVAILABILITY = YES_AGGRESSIVE;
				CLANG_WARN_UNREACHABLE_CODE = YES;
				CLANG_WARN__DUPLICATE_METHOD_MATCH = YES;
				CODE_SIGN_IDENTITY = "iPhone Developer";
				COPY_PHASE_STRIP = NO;
				DEBUG_INFORMATION_FORMAT = "dwarf-with-dsym";
				ENABLE_NS_ASSERTIONS = NO;
				ENABLE_STRICT_OBJC_MSGSEND = YES;
				GCC_C_LANGUAGE_STANDARD = gnu11;
				GCC_NO_COMMON_BLOCKS = YES;
				GCC_WARN_64_TO_32_BIT_CONVERSION = YES;
				GCC_WARN_ABOUT_RETURN_TYPE = YES_ERROR;
				GCC_WARN_UNDECLARED_SELECTOR = YES;
				GCC_WARN_UNINITIALIZED_AUTOS = YES_AGGRESSIVE;
				GCC_WARN_UNUSED_FUNCTION = YES;
				GCC_WARN_UNUSED_VARIABLE = YES;
				IPHONEOS_DEPLOYMENT_TARGET = 12.1;
				MTL_ENABLE_DEBUG_INFO = NO;
				MTL_FAST_MATH = YES;
				SDKROOT = iphoneos;
				SWIFT_COMPILATION_MODE = wholemodule;
				SWIFT_OPTIMIZATION_LEVEL = "-O";
				VALIDATE_PRODUCT = YES;
			};
			name = Release;
		};
		81DF7B252200B36400209BB8 /* Debug */ = {
			isa = XCBuildConfiguration;
			baseConfigurationReference = 4DE7197E4C9774A2FD6A49D2 /* Pods-Flix-p1.debug.xcconfig */;
			buildSettings = {
				ASSETCATALOG_COMPILER_APPICON_NAME = AppIcon;
				CODE_SIGN_STYLE = Automatic;
				INFOPLIST_FILE = "Flix-p1/Info.plist";
				LD_RUNPATH_SEARCH_PATHS = (
					"$(inherited)",
					"@executable_path/Frameworks",
				);
				PRODUCT_BUNDLE_IDENTIFIER = "MidtermProject.Flix-p1";
				PRODUCT_NAME = "$(TARGET_NAME)";
				SWIFT_VERSION = 4.2;
				TARGETED_DEVICE_FAMILY = "1,2";
			};
			name = Debug;
		};
		81DF7B262200B36400209BB8 /* Release */ = {
			isa = XCBuildConfiguration;
			baseConfigurationReference = 9CE17DFD048A7CA31A55893A /* Pods-Flix-p1.release.xcconfig */;
			buildSettings = {
				ASSETCATALOG_COMPILER_APPICON_NAME = AppIcon;
				CODE_SIGN_STYLE = Automatic;
				INFOPLIST_FILE = "Flix-p1/Info.plist";
				LD_RUNPATH_SEARCH_PATHS = (
					"$(inherited)",
					"@executable_path/Frameworks",
				);
				PRODUCT_BUNDLE_IDENTIFIER = "MidtermProject.Flix-p1";
				PRODUCT_NAME = "$(TARGET_NAME)";
				SWIFT_VERSION = 4.2;
				TARGETED_DEVICE_FAMILY = "1,2";
			};
			name = Release;
		};
		81DF7B282200B36400209BB8 /* Debug */ = {
			isa = XCBuildConfiguration;
			buildSettings = {
				ALWAYS_EMBED_SWIFT_STANDARD_LIBRARIES = YES;
				BUNDLE_LOADER = "$(TEST_HOST)";
				CODE_SIGN_STYLE = Automatic;
				INFOPLIST_FILE = "Flix-p1Tests/Info.plist";
				LD_RUNPATH_SEARCH_PATHS = (
					"$(inherited)",
					"@executable_path/Frameworks",
					"@loader_path/Frameworks",
				);
				PRODUCT_BUNDLE_IDENTIFIER = "MidtermProject.Flix-p1Tests";
				PRODUCT_NAME = "$(TARGET_NAME)";
				SWIFT_VERSION = 4.2;
				TARGETED_DEVICE_FAMILY = "1,2";
				TEST_HOST = "$(BUILT_PRODUCTS_DIR)/Flix-p1.app/Flix-p1";
			};
			name = Debug;
		};
		81DF7B292200B36400209BB8 /* Release */ = {
			isa = XCBuildConfiguration;
			buildSettings = {
				ALWAYS_EMBED_SWIFT_STANDARD_LIBRARIES = YES;
				BUNDLE_LOADER = "$(TEST_HOST)";
				CODE_SIGN_STYLE = Automatic;
				INFOPLIST_FILE = "Flix-p1Tests/Info.plist";
				LD_RUNPATH_SEARCH_PATHS = (
					"$(inherited)",
					"@executable_path/Frameworks",
					"@loader_path/Frameworks",
				);
				PRODUCT_BUNDLE_IDENTIFIER = "MidtermProject.Flix-p1Tests";
				PRODUCT_NAME = "$(TARGET_NAME)";
				SWIFT_VERSION = 4.2;
				TARGETED_DEVICE_FAMILY = "1,2";
				TEST_HOST = "$(BUILT_PRODUCTS_DIR)/Flix-p1.app/Flix-p1";
			};
			name = Release;
		};
		81DF7B2B2200B36400209BB8 /* Debug */ = {
			isa = XCBuildConfiguration;
			buildSettings = {
				ALWAYS_EMBED_SWIFT_STANDARD_LIBRARIES = YES;
				CODE_SIGN_STYLE = Automatic;
				INFOPLIST_FILE = "Flix-p1UITests/Info.plist";
				LD_RUNPATH_SEARCH_PATHS = (
					"$(inherited)",
					"@executable_path/Frameworks",
					"@loader_path/Frameworks",
				);
				PRODUCT_BUNDLE_IDENTIFIER = "MidtermProject.Flix-p1UITests";
				PRODUCT_NAME = "$(TARGET_NAME)";
				SWIFT_VERSION = 4.2;
				TARGETED_DEVICE_FAMILY = "1,2";
				TEST_TARGET_NAME = "Flix-p1";
			};
			name = Debug;
		};
		81DF7B2C2200B36400209BB8 /* Release */ = {
			isa = XCBuildConfiguration;
			buildSettings = {
				ALWAYS_EMBED_SWIFT_STANDARD_LIBRARIES = YES;
				CODE_SIGN_STYLE = Automatic;
				INFOPLIST_FILE = "Flix-p1UITests/Info.plist";
				LD_RUNPATH_SEARCH_PATHS = (
					"$(inherited)",
					"@executable_path/Frameworks",
					"@loader_path/Frameworks",
				);
				PRODUCT_BUNDLE_IDENTIFIER = "MidtermProject.Flix-p1UITests";
				PRODUCT_NAME = "$(TARGET_NAME)";
				SWIFT_VERSION = 4.2;
				TARGETED_DEVICE_FAMILY = "1,2";
				TEST_TARGET_NAME = "Flix-p1";
			};
			name = Release;
		};
/* End XCBuildConfiguration section */

/* Begin XCConfigurationList section */
		81DF7AF72200B36300209BB8 /* Build configuration list for PBXProject "Flix-p1" */ = {
			isa = XCConfigurationList;
			buildConfigurations = (
				81DF7B222200B36400209BB8 /* Debug */,
				81DF7B232200B36400209BB8 /* Release */,
			);
			defaultConfigurationIsVisible = 0;
			defaultConfigurationName = Release;
		};
		81DF7B242200B36400209BB8 /* Build configuration list for PBXNativeTarget "Flix-p1" */ = {
			isa = XCConfigurationList;
			buildConfigurations = (
				81DF7B252200B36400209BB8 /* Debug */,
				81DF7B262200B36400209BB8 /* Release */,
			);
			defaultConfigurationIsVisible = 0;
			defaultConfigurationName = Release;
		};
		81DF7B272200B36400209BB8 /* Build configuration list for PBXNativeTarget "Flix-p1Tests" */ = {
			isa = XCConfigurationList;
			buildConfigurations = (
				81DF7B282200B36400209BB8 /* Debug */,
				81DF7B292200B36400209BB8 /* Release */,
			);
			defaultConfigurationIsVisible = 0;
			defaultConfigurationName = Release;
		};
		81DF7B2A2200B36400209BB8 /* Build configuration list for PBXNativeTarget "Flix-p1UITests" */ = {
			isa = XCConfigurationList;
			buildConfigurations = (
				81DF7B2B2200B36400209BB8 /* Debug */,
				81DF7B2C2200B36400209BB8 /* Release */,
			);
			defaultConfigurationIsVisible = 0;
			defaultConfigurationName = Release;
		};
/* End XCConfigurationList section */
	};
	rootObject = 81DF7AF42200B36300209BB8 /* Project object */;
}
